
Microsoft Visual Studio Solution File, Format Version 12.00
# Visual Studio Version 16
VisualStudioVersion = 25.0.1704.2
MinimumVisualStudioVersion = 10.0.40219.1
Project("{FAE04EC0-301F-11D3-BF4B-00C04F79EFBC}") = "Curso Udemy (Aula 0)", "Curso Udemy (Aula 0)\Curso Udemy (Aula 0).csproj", "{A10A56E2-D151-4C3A-8E77-4CC6551EE7FF}"
EndProject
Global
	GlobalSection(SolutionConfigurationPlatforms) = preSolution
		Debug|Any CPU = Debug|Any CPU
		Release|Any CPU = Release|Any CPU
	EndGlobalSection
	GlobalSection(ProjectConfigurationPlatforms) = postSolution
		{A10A56E2-D151-4C3A-8E77-4CC6551EE7FF}.Debug|Any CPU.ActiveCfg = Debug|Any CPU
		{A10A56E2-D151-4C3A-8E77-4CC6551EE7FF}.Debug|Any CPU.Build.0 = Debug|Any CPU
		{A10A56E2-D151-4C3A-8E77-4CC6551EE7FF}.Release|Any CPU.ActiveCfg = Release|Any CPU
		{A10A56E2-D151-4C3A-8E77-4CC6551EE7FF}.Release|Any CPU.Build.0 = Release|Any CPU
	EndGlobalSection
	GlobalSection(SolutionProperties) = preSolution
		HideSolutionNode = FALSE
	EndGlobalSection
	GlobalSection(ExtensibilityGlobals) = postSolution
		SolutionGuid = {E4834CF7-E592-4FF1-BB95-E3E8ECEF1131}
	EndGlobalSection
EndGlobal
